
Microsoft Visual Studio Solution File, Format Version 12.00
# Visual Studio Version 17
VisualStudioVersion = 17.11.35222.181
MinimumVisualStudioVersion = 10.0.40219.1
Project("{FAE04EC0-301F-11D3-BF4B-00C04F79EFBC}") = "Employee Salary Calculator", "Employee Salary Calculator\Employee Salary Calculator.csproj", "{96262CF7-44EC-4B6F-ACFC-E031593A6397}"
EndProject
Global
	GlobalSection(SolutionConfigurationPlatforms) = preSolution
		Debug|Any CPU = Debug|Any CPU
		Release|Any CPU = Release|Any CPU
	EndGlobalSection
	GlobalSection(ProjectConfigurationPlatforms) = postSolution
		{96262CF7-44EC-4B6F-ACFC-E031593A6397}.Debug|Any CPU.ActiveCfg = Debug|Any CPU
		{96262CF7-44EC-4B6F-ACFC-E031593A6397}.Debug|Any CPU.Build.0 = Debug|Any CPU
		{96262CF7-44EC-4B6F-ACFC-E031593A6397}.Release|Any CPU.ActiveCfg = Release|Any CPU
		{96262CF7-44EC-4B6F-ACFC-E031593A6397}.Release|Any CPU.Build.0 = Release|Any CPU
	EndGlobalSection
	GlobalSection(SolutionProperties) = preSolution
		HideSolutionNode = FALSE
	EndGlobalSection
	GlobalSection(ExtensibilityGlobals) = postSolution
		SolutionGuid = {FC3DD43E-45DC-4F32-91B7-1DA8212BE207}
	EndGlobalSection
EndGlobal
